Microsoft Visual Studio Solution File, Format Version 12.00
# Visual Studio Version 17
VisualStudioVersion = 17.8.34322.80
MinimumVisualStudioVersion = 10.0.40219.1
Project("{FAE04EC0-301F-11D3-BF4B-00C04F79EFBC}") = "ZzzAutoSign", "src\ZzzAutoSign\ZzzAutoSign.csproj", "{A1B2C3D4-0001-4E5F-9A0B-111111111111}"
EndProject
Project("{FAE04EC0-301F-11D3-BF4B-00C04F79EFBC}") = "CredentialGrabber", "src\CredentialGrabber\CredentialGrabber.csproj", "{A1B2C3D4-0002-4E5F-9A0B-222222222222}"
EndProject
Project("{FAE04EC0-301F-11D3-BF4B-00C04F79EFBC}") = "ZzzAutoSign.Tests", "tests\ZzzAutoSign.Tests\ZzzAutoSign.Tests.csproj", "{A1B2C3D4-0003-4E5F-9A0B-333333333333}"
EndProject
Global
	GlobalSection(SolutionConfigurationPlatforms) = preSolution
		Debug|Any CPU = Debug|Any CPU
		Release|Any CPU = Release|Any CPU
	EndGlobalSection
	GlobalSection(ProjectConfigurationPlatforms) = postSolution
		{A1B2C3D4-0001-4E5F-9A0B-111111111111}.Debug|Any CPU.ActiveCfg = Debug|Any CPU
		{A1B2C3D4-0001-4E5F-9A0B-111111111111}.Debug|Any CPU.Build.0 = Debug|Any CPU
		{A1B2C3D4-0001-4E5F-9A0B-111111111111}.Release|Any CPU.ActiveCfg = Release|Any CPU
		{A1B2C3D4-0001-4E5F-9A0B-111111111111}.Release|Any CPU.Build.0 = Release|Any CPU
		{A1B2C3D4-0002-4E5F-9A0B-222222222222}.Debug|Any CPU.ActiveCfg = Debug|Any CPU
		{A1B2C3D4-0002-4E5F-9A0B-222222222222}.Debug|Any CPU.Build.0 = Debug|Any CPU
		{A1B2C3D4-0002-4E5F-9A0B-222222222222}.Release|Any CPU.ActiveCfg = Release|Any CPU
		{A1B2C3D4-0002-4E5F-9A0B-222222222222}.Release|Any CPU.Build.0 = Release|Any CPU
		{A1B2C3D4-0003-4E5F-9A0B-333333333333}.Debug|Any CPU.ActiveCfg = Debug|Any CPU
		{A1B2C3D4-0003-4E5F-9A0B-333333333333}.Debug|Any CPU.Build.0 = Debug|Any CPU
		{A1B2C3D4-0003-4E5F-9A0B-333333333333}.Release|Any CPU.ActiveCfg = Release|Any CPU
		{A1B2C3D4-0003-4E5F-9A0B-333333333333}.Release|Any CPU.Build.0 = Release|Any CPU
	EndGlobalSection
	GlobalSection(SolutionProperties) = preSolution
		HideSolutionNode = FALSE
	EndGlobalSection
	GlobalSection(ExtensibilityGlobals) = postSolution
		SolutionGuid = {B2C3D4E5-0000-4F60-8B1C-444444444444}
	EndGlobalSection
EndGlobal
